// !$*UTF8*$!
{
	archiveVersion = 1;
	classes = {
	};
	objectVersion = 46;
	objects = {

/* Begin PBXBuildFile section */
		28911CDB19E8E7FF00207145 /* AppDelegate.swift in Sources */ = {isa = PBXBuildFile; fileRef = 28911CDA19E8E7FF00207145 /* AppDelegate.swift */; };
		28911CDD19E8E7FF00207145 /* ViewController.swift in Sources */ = {isa = PBXBuildFile; fileRef = 28911CDC19E8E7FF00207145 /* ViewController.swift */; };
		28911CE019E8E7FF00207145 /* Main.storyboard in Resources */ = {isa = PBXBuildFile; fileRef = 28911CDE19E8E7FF00207145 /* Main.storyboard */; };
		28911CE219E8E7FF00207145 /* Images.xcassets in Resources */ = {isa = PBXBuildFile; fileRef = 28911CE119E8E7FF00207145 /* Images.xcassets */; };
		28911CE519E8E7FF00207145 /* LaunchScreen.xib in Resources */ = {isa = PBXBuildFile; fileRef = 28911CE319E8E7FF00207145 /* LaunchScreen.xib */; };
		28911CF119E8E7FF00207145 /* PostcardTests.swift in Sources */ = {isa = PBXBuildFile; fileRef = 28911CF019E8E7FF00207145 /* PostcardTests.swift */; };
/* End PBXBuildFile section */

/* Begin PBXContainerItemProxy section */
		28911CEB19E8E7FF00207145 /* PBXContainerItemProxy */ = {
			isa = PBXContainerItemProxy;
			containerPortal = 28911CCD19E8E7FF00207145 /* Project object */;
			proxyType = 1;
			remoteGlobalIDString = 28911CD419E8E7FF00207145;
			remoteInfo = Postcard;
		};
/* End PBXContainerItemProxy section */

/* Begin PBXFileReference section */
		28911CD519E8E7FF00207145 /* Postcard.app */ = {isa = PBXFileReference; explicitFileType = wrapper.application; includeInIndex = 0; path = Postcard.app; sourceTree = BUILT_PRODUCTS_DIR; };
		28911CD919E8E7FF00207145 /* Info.plist */ = {isa = PBXFileReference; lastKnownFileType = text.plist.xml; path = Info.plist; sourceTree = "<group>"; };
		28911CDA19E8E7FF00207145 /* AppDelegate.swift */ = {isa = PBXFileReference; lastKnownFileType = sourcecode.swift; path = AppDelegate.swift; sourceTree = "<group>"; };
		28911CDC19E8E7FF00207145 /* ViewController.swift */ = {isa = PBXFileReference; lastKnownFileType = sourcecode.swift; path = ViewController.swift; sourceTree = "<group>"; };
		28911CDF19E8E7FF00207145 /* Base */ = {isa = PBXFileReference; lastKnownFileType = file.storyboard; name = Base; path = Base.lproj/Main.storyboard; sourceTree = "<group>"; };
		28911CE119E8E7FF00207145 /* Images.xcassets */ = {isa = PBXFileReference; lastKnownFileType = folder.assetcatalog; path = Images.xcassets; sourceTree = "<group>"; };
		28911CE419E8E7FF00207145 /* Base */ = {isa = PBXFileReference; lastKnownFileType = file.xib; name = Base; path = Base.lproj/LaunchScreen.xib; sourceTree = "<group>"; };
		28911CEA19E8E7FF00207145 /* PostcardTests.xctest */ = {isa = PBXFileReference; explicitFileType = wrapper.cfbundle; includeInIndex = 0; path = PostcardTests.xctest; sourceTree = BUILT_PRODUCTS_DIR; };
		28911CEF19E8E7FF00207145 /* Info.plist */ = {isa = PBXFileReference; lastKnownFileType = text.plist.xml; path = Info.plist; sourceTree = "<group>"; };
		28911CF019E8E7FF00207145 /* PostcardTests.swift */ = {isa = PBXFileReference; lastKnownFileType = sourcecode.swift; path = PostcardTests.swift; sourceTree = "<group>"; };
/* End PBXFileReference section */

/* Begin PBXFrameworksBuildPhase section */
		28911CD219E8E7FF00207145 /* Frameworks */ = {
			isa = PBXFrameworksBuildPhase;
			buildActionMask = 2147483647;
			files = (
			);
			runOnlyForDeploymentPostprocessing = 0;
		};
		28911CE719E8E7FF00207145 /* Frameworks */ = {
			isa = PBXFrameworksBuildPhase;
			buildActionMask = 2147483647;
			files = (
			);
			runOnlyForDeploymentPostprocessing = 0;
		};
/* End PBXFrameworksBuildPhase section */

/* Begin PBXGroup section */
		28911CCC19E8E7FF00207145 = {
			isa = PBXGroup;
			children = (
				28911CD719E8E7FF00207145 /* Postcard */,
				28911CED19E8E7FF00207145 /* PostcardTests */,
				28911CD619E8E7FF00207145 /* Products */,
			);
			sourceTree = "<group>";
		};
		28911CD619E8E7FF00207145 /* Products */ = {
			isa = PBXGroup;
			children = (
				28911CD519E8E7FF00207145 /* Postcard.app */,
				28911CEA19E8E7FF00207145 /* PostcardTests.xctest */,
			);
			name = Products;
			sourceTree = "<group>";
		};
		28911CD719E8E7FF00207145 /* Postcard */ = {
			isa = PBXGroup;
			children = (
				28911CDA19E8E7FF00207145 /* AppDelegate.swift */,
				28911CDC19E8E7FF00207145 /* ViewController.swift */,
				28911CDE19E8E7FF00207145 /* Main.storyboard */,
				28911CE119E8E7FF00207145 /* Images.xcassets */,
				28911CE319E8E7FF00207145 /* LaunchScreen.xib */,
				28911CD819E8E7FF00207145 /* Supporting Files */,
			);
			path = Postcard;
			sourceTree = "<group>";
		};
		28911CD819E8E7FF00207145 /* Supporting Files */ = {
			isa = PBXGroup;
			children = (
				28911CD919E8E7FF00207145 /* Info.plist */,
			);
			name = "Supporting Files";
			sourceTree = "<group>";
		};
		28911CED19E8E7FF00207145 /* PostcardTests */ = {
			isa = PBXGroup;
			children = (
				28911CF019E8E7FF00207145 /* PostcardTests.swift */,
				28911CEE19E8E7FF00207145 /* Supporting Files */,
			);
			path = PostcardTests;
			sourceTree = "<group>";
		};
		28911CEE19E8E7FF00207145 /* Supporting Files */ = {
			isa = PBXGroup;
			children = (
				28911CEF19E8E7FF00207145 /* Info.plist */,
			);
			name = "Supporting Files";
			sourceTree = "<group>";
		};
/* End PBXGroup section */

/* Begin PBXNativeTarget section */
		28911CD419E8E7FF00207145 /* Postcard */ = {
			isa = PBXNativeTarget;
			buildConfigurationList = 28911CF419E8E7FF00207145 /* Build configuration list for PBXNativeTarget "Postcard" */;
			buildPhases = (
				28911CD119E8E7FF00207145 /* Sources */,
				28911CD219E8E7FF00207145 /* Frameworks */,
				28911CD319E8E7FF00207145 /* Resources */,
			);
			buildRules = (
			);
			dependencies = (
			);
			name = Postcard;
			productName = Postcard;
			productReference = 28911CD519E8E7FF00207145 /* Postcard.app */;
			productType = "com.apple.product-type.application";
		};
		28911CE919E8E7FF00207145 /* PostcardTests */ = {
			isa = PBXNativeTarget;
			buildConfigurationList = 28911CF719E8E7FF00207145 /* Build configuration list for PBXNativeTarget "PostcardTests" */;
			buildPhases = (
				28911CE619E8E7FF00207145 /* Sources */,
				28911CE719E8E7FF00207145 /* Frameworks */,
				28911CE819E8E7FF00207145 /* Resources */,
			);
			buildRules = (
			);
			dependencies = (
				28911CEC19E8E7FF00207145 /* PBXTargetDependency */,
			);
			name = PostcardTests;
			productName = PostcardTests;
			productReference = 28911CEA19E8E7FF00207145 /* PostcardTests.xctest */;
			productType = "com.apple.product-type.bundle.unit-test";
		};
/* End PBXNativeTarget section */

/* Begin PBXProject section */
		28911CCD19E8E7FF00207145 /* Project object */ = {
			isa = PBXProject;
			attributes = {
				LastUpgradeCheck = 0600;
				ORGANIZATIONNAME = victor;
				TargetAttributes = {
					28911CD419E8E7FF00207145 = {
						CreatedOnToolsVersion = 6.0.1;
					};
					28911CE919E8E7FF00207145 = {
						CreatedOnToolsVersion = 6.0.1;
						TestTargetID = 28911CD419E8E7FF00207145;
					};
				};
			};
			buildConfigurationList = 28911CD019E8E7FF00207145 /* Build configuration list for PBXProject "Postcard" */;
			compatibilityVersion = "Xcode 3.2";
			developmentRegion = English;
			hasScannedForEncodings = 0;
			knownRegions = (
				en,
				Base,
			);
			mainGroup = 28911CCC19E8E7FF00207145;
			productRefGroup = 28911CD619E8E7FF00207145 /* Products */;
			projectDirPath = "";
			projectRoot = "";
			targets = (
				28911CD419E8E7FF00207145 /* Postcard */,
				28911CE919E8E7FF00207145 /* PostcardTests */,
			);
		};
/* End PBXProject section */

/* Begin PBXResourcesBuildPhase section */
		28911CD319E8E7FF00207145 /* Resources */ = {
			isa = PBXResourcesBuildPhase;
			buildActionMask = 2147483647;
			files = (
				28911CE019E8E7FF00207145 /* Main.storyboard in Resources */,
				28911CE519E8E7FF00207145 /* LaunchScreen.xib in Resources */,
				28911CE219E8E7FF00207145 /* Images.xcassets in Resources */,
			);
			runOnlyForDeploymentPostprocessing = 0;
		};
		28911CE819E8E7FF00207145 /* Resources */ = {
			isa = PBXResourcesBuildPhase;
			buildActionMask = 2147483647;
			files = (
			);
			runOnlyForDeploymentPostprocessing = 0;
		};
/* End PBXResourcesBuildPhase section */

/* Begin PBXSourcesBuildPhase section */
		28911CD119E8E7FF00207145 /* Sources */ = {
			isa = PBXSourcesBuildPhase;
			buildActionMask = 2147483647;
			files = (
				28911CDD19E8E7FF00207145 /* ViewController.swift in Sources */,
				28911CDB19E8E7FF00207145 /* AppDelegate.swift in Sources */,
			);
			runOnlyForDeploymentPostprocessing = 0;
		};
		28911CE619E8E7FF00207145 /* Sources */ = {
			isa = PBXSourcesBuildPhase;
			buildActionMask = 2147483647;
			files = (
				28911CF119E8E7FF00207145 /* PostcardTests.swift in Sources */,
			);
			runOnlyForDeploymentPostprocessing = 0;
		};
/* End PBXSourcesBuildPhase section */

/* Begin PBXTargetDependency section */
		28911CEC19E8E7FF00207145 /* PBXTargetDependency */ = {
			isa = PBXTargetDependency;
			target = 28911CD419E8E7FF00207145 /* Postcard */;
			targetProxy = 28911CEB19E8E7FF00207145 /* PBXContainerItemProxy */;
		};
/* End PBXTargetDependency section */

/* Begin PBXVariantGroup section */
		28911CDE19E8E7FF00207145 /* Main.storyboard */ = {
			isa = PBXVariantGroup;
			children = (
				28911CDF19E8E7FF00207145 /* Base */,
			);
			name = Main.storyboard;
			sourceTree = "<group>";
		};
		28911CE319E8E7FF00207145 /* LaunchScreen.xib */ = {
			isa = PBXVariantGroup;
			children = (
				28911CE419E8E7FF00207145 /* Base */,
			);
			name = LaunchScreen.xib;
			sourceTree = "<group>";
		};
/* End PBXVariantGroup section */

/* Begin XCBuildConfiguration section */
		28911CF219E8E7FF00207145 /* Debug */ = {
			isa = XCBuildConfiguration;
			buildSettings = {
				ALWAYS_SEARCH_USER_PATHS = NO;
				CLANG_CXX_LANGUAGE_STANDARD = "gnu++0x";
				CLANG_CXX_LIBRARY = "libc++";
				CLANG_ENABLE_MODULES = YES;
				CLANG_ENABLE_OBJC_ARC = YES;
				CLANG_WARN_BOOL_CONVERSION = YES;
				CLANG_WARN_CONSTANT_CONVERSION = YES;
				CLANG_WARN_DIRECT_OBJC_ISA_USAGE = YES_ERROR;
				CLANG_WARN_EMPTY_BODY = YES;
				CLANG_WARN_ENUM_CONVERSION = YES;
				CLANG_WARN_INT_CONVERSION = YES;
				CLANG_WARN_OBJC_ROOT_CLASS = YES_ERROR;
				CLANG_WARN_UNREACHABLE_CODE = YES;
				CLANG_WARN__DUPLICATE_METHOD_MATCH = YES;
				"CODE_SIGN_IDENTITY[sdk=iphoneos*]" = "iPhone Developer";
				COPY_PHASE_STRIP = NO;
				ENABLE_STRICT_OBJC_MSGSEND = YES;
				GCC_C_LANGUAGE_STANDARD = gnu99;
				GCC_DYNAMIC_NO_PIC = NO;
				GCC_OPTIMIZATION_LEVEL = 0;
				GCC_PREPROCESSOR_DEFINITIONS = (
					"DEBUG=1",
					"$(inherited)",
				);
				GCC_SYMBOLS_PRIVATE_EXTERN = NO;
				GCC_WARN_64_TO_32_BIT_CONVERSION = YES;
				GCC_WARN_ABOUT_RETURN_TYPE = YES_ERROR;
				GCC_WARN_UNDECLARED_SELECTOR = YES;
				GCC_WARN_UNINITIALIZED_AUTOS = YES_AGGRESSIVE;
				GCC_WARN_UNUSED_FUNCTION = YES;
				GCC_WARN_UNUSED_VARIABLE = YES;
				IPHONEOS_DEPLOYMENT_TARGET = 8.0;
				MTL_ENABLE_DEBUG_INFO = YES;
				ONLY_ACTIVE_ARCH = YES;
				SDKROOT = iphoneos;
				SWIFT_OPTIMIZATION_LEVEL = "-Onone";
				TARGETED_DEVICE_FAMILY = "1,2";
			};
			name = Debug;
		};
		28911CF319E8E7FF00207145 /* Release */ = {
			isa = XCBuildConfiguration;
			buildSettings = {
				ALWAYS_SEARCH_USER_PATHS = NO;
				CLANG_CXX_LANGUAGE_STANDARD = "gnu++0x";
				CLANG_CXX_LIBRARY = "libc++";
				CLANG_ENABLE_MODULES = YES;
				CLANG_ENABLE_OBJC_ARC = YES;
				CLANG_WARN_BOOL_CONVERSION = YES;
				CLANG_WARN_CONSTANT_CONVERSION = YES;
				CLANG_WARN_DIRECT_OBJC_ISA_USAGE = YES_ERROR;
				CLANG_WARN_EMPTY_BODY = YES;
				CLANG_WARN_ENUM_CONVERSION = YES;
				CLANG_WARN_INT_CONVERSION = YES;
				CLANG_WARN_OBJC_ROOT_CLASS = YES_ERROR;
				CLANG_WARN_UNREACHABLE_CODE = YES;
				CLANG_WARN__DUPLICATE_METHOD_MATCH = YES;
				"CODE_SIGN_IDENTITY[sdk=iphoneos*]" = "iPhone Developer";
				COPY_PHASE_STRIP = YES;
				ENABLE_NS_ASSERTIONS = NO;
				ENABLE_STRICT_OBJC_MSGSEND = YES;
				GCC_C_LANGUAGE_STANDARD = gnu99;
				GCC_WARN_64_TO_32_BIT_CONVERSION = YES;
				GCC_WARN_ABOUT_RETURN_TYPE = YES_ERROR;
				GCC_WARN_UNDECLARED_SELECTOR = YES;
				GCC_WARN_UNINITIALIZED_AUTOS = YES_AGGRESSIVE;
				GCC_WARN_UNUSED_FUNCTION = YES;
				GCC_WARN_UNUSED_VARIABLE = YES;
				IPHONEOS_DEPLOYMENT_TARGET = 8.0;
				MTL_ENABLE_DEBUG_INFO = NO;
				SDKROOT = iphoneos;
				TARGETED_DEVICE_FAMILY = "1,2";
				VALIDATE_PRODUCT = YES;
			};
			name = Release;
		};
		28911CF519E8E7FF00207145 /* Debug */ = {
			isa = XCBuildConfiguration;
			buildSettings = {
				ASSETCATALOG_COMPILER_APPICON_NAME = AppIcon;
				INFOPLIST_FILE = Postcard/Info.plist;
				LD_RUNPATH_SEARCH_PATHS = "$(inherited) @executable_path/Frameworks";
				PRODUCT_NAME = "$(TARGET_NAME)";
			};
			name = Debug;
		};
		28911CF619E8E7FF00207145 /* Release */ = {
			isa = XCBuildConfiguration;
			buildSettings = {
				ASSETCATALOG_COMPILER_APPICON_NAME = AppIcon;
				INFOPLIST_FILE = Postcard/Info.plist;
				LD_RUNPATH_SEARCH_PATHS = "$(inherited) @executable_path/Frameworks";
				PRODUCT_NAME = "$(TARGET_NAME)";
			};
			name = Release;
		};
		28911CF819E8E7FF00207145 /* Debug */ = {
			isa = XCBuildConfiguration;
			buildSettings = {
				BUNDLE_LOADER = "$(TEST_HOST)";
				FRAMEWORK_SEARCH_PATHS = (
					"$(SDKROOT)/Developer/Library/Frameworks",
					"$(inherited)",
				);
				GCC_PREPROCESSOR_DEFINITIONS = (
					"DEBUG=1",
					"$(inherited)",
				);
				INFOPLIST_FILE = PostcardTests/Info.plist;
				LD_RUNPATH_SEARCH_PATHS = "$(inherited) @executable_path/Frameworks @loader_path/Frameworks";
				PRODUCT_NAME = "$(TARGET_NAME)";
				TEST_HOST = "$(BUILT_PRODUCTS_DIR)/Postcard.app/Postcard";
			};
			name = Debug;
		};
		28911CF919E8E7FF00207145 /* Release */ = {
			isa = XCBuildConfiguration;
			buildSettings = {
				BUNDLE_LOADER = "$(TEST_HOST)";
				FRAMEWORK_SEARCH_PATHS = (
					"$(SDKROOT)/Developer/Library/Frameworks",
					"$(inherited)",
				);
				INFOPLIST_FILE = PostcardTests/Info.plist;
				LD_RUNPATH_SEARCH_PATHS = "$(inherited) @executable_path/Frameworks @loader_path/Frameworks";
				PRODUCT_NAME = "$(TARGET_NAME)";
				TEST_HOST = "$(BUILT_PRODUCTS_DIR)/Postcard.app/Postcard";
			};
			name = Release;
		};
/* End XCBuildConfiguration section */

/* Begin XCConfigurationList section */
		28911CD019E8E7FF00207145 /* Build configuration list for PBXProject "Postcard" */ = {
			isa = XCConfigurationList;
			buildConfigurations = (
				28911CF219E8E7FF00207145 /* Debug */,
				28911CF319E8E7FF00207145 /* Release */,
			);
			defaultConfigurationIsVisible = 0;
			defaultConfigurationName = Release;
		};
		28911CF419E8E7FF00207145 /* Build configuration list for PBXNativeTarget "Postcard" */ = {
			isa = XCConfigurationList;
			buildConfigurations = (
				28911CF519E8E7FF00207145 /* Debug */,
				28911CF619E8E7FF00207145 /* Release */,
			);
			defaultConfigurationIsVisible = 0;
		};
		28911CF719E8E7FF00207145 /* Build configuration list for PBXNativeTarget "PostcardTests" */ = {
			isa = XCConfigurationList;
			buildConfigurations = (
				28911CF819E8E7FF00207145 /* Debug */,
				28911CF919E8E7FF00207145 /* Release */,
			);
			defaultConfigurationIsVisible = 0;
		};
/* End XCConfigurationList section */
	};
	rootObject = 28911CCD19E8E7FF00207145 /* Project object */;
}
